
Microsoft Visual Studio Solution File, Format Version 12.00
# Visual Studio Version 17
VisualStudioVersion = 17.4.33122.133
MinimumVisualStudioVersion = 10.0.40219.1
Project("{2150E333-8FDC-42A3-9474-1A3956D46DE8}") = "1. Presentation", "1. Presentation", "{45651DA7-23E6-4EA1-936E-ABEAFA56EF18}"
EndProject
Project("{2150E333-8FDC-42A3-9474-1A3956D46DE8}") = "2. Application", "2. Application", "{FDA0D6EC-5CA1-48E8-A835-F88C4E233AB4}"
EndProject
Project("{2150E333-8FDC-42A3-9474-1A3956D46DE8}") = "3. Domain", "3. Domain", "{C130B91D-B0BB-4F35-9E1C-D821962C79BA}"
EndProject
Project("{2150E333-8FDC-42A3-9474-1A3956D46DE8}") = "4. Infra", "4. Infra", "{22724094-77A0-49BC-80EA-59A39F2BDDA0}"
EndProject
Project("{2150E333-8FDC-42A3-9474-1A3956D46DE8}") = "5. Plugins", "5. Plugins", "{5C763743-5FF2-4DCA-88AF-90AAF8A72EA7}"
EndProject
Project("{9A19103F-16F7-4668-BE54-9A1E7A4F7556}") = "EA.Api.FILE", "src\EA.Api.FILE\EA.Api.FILE.csproj", "{4F493031-246B-4A36-BBC0-E79C21D579A1}"
EndProject
Project("{9A19103F-16F7-4668-BE54-9A1E7A4F7556}") = "EA.Gateway.FILE", "src\EA.Gateway.FILE\EA.Gateway.FILE.csproj", "{F6F1C630-7218-469F-BD9C-ABE91C54DE55}"
EndProject
Project("{9A19103F-16F7-4668-BE54-9A1E7A4F7556}") = "EA.Application.FILE", "src\EA.Application.FILE\EA.Application.FILE.csproj", "{534428B5-BBAF-405E-8142-194CF8C6EB99}"
EndProject
Project("{9A19103F-16F7-4668-BE54-9A1E7A4F7556}") = "EA.Domain.FILE", "src\EA.Domain.FILE\EA.Domain.FILE.csproj", "{0A019D08-D71C-4FF9-9C70-F52386274E0C}"
EndProject
Project("{9A19103F-16F7-4668-BE54-9A1E7A4F7556}") = "EA.Infra.FILE", "src\EA.Infra.FILE\EA.Infra.FILE.csproj", "{E80D6EFC-A131-46F8-95E4-4C0A2F3FA5D3}"
EndProject
Project("{9A19103F-16F7-4668-BE54-9A1E7A4F7556}") = "EA.NetDevPack", "src\EA.NetDevPack\EA.NetDevPack.csproj", "{FBF9D522-BA47-419E-85A7-FD003485EC2A}"
EndProject
Global
	GlobalSection(SolutionConfigurationPlatforms) = preSolution
		Debug|Any CPU = Debug|Any CPU
		Release|Any CPU = Release|Any CPU
	EndGlobalSection
	GlobalSection(ProjectConfigurationPlatforms) = postSolution
		{4F493031-246B-4A36-BBC0-E79C21D579A1}.Debug|Any CPU.ActiveCfg = Debug|Any CPU
		{4F493031-246B-4A36-BBC0-E79C21D579A1}.Debug|Any CPU.Build.0 = Debug|Any CPU
		{4F493031-246B-4A36-BBC0-E79C21D579A1}.Release|Any CPU.ActiveCfg = Release|Any CPU
		{4F493031-246B-4A36-BBC0-E79C21D579A1}.Release|Any CPU.Build.0 = Release|Any CPU
		{F6F1C630-7218-469F-BD9C-ABE91C54DE55}.Debug|Any CPU.ActiveCfg = Debug|Any CPU
		{F6F1C630-7218-469F-BD9C-ABE91C54DE55}.Debug|Any CPU.Build.0 = Debug|Any CPU
		{F6F1C630-7218-469F-BD9C-ABE91C54DE55}.Release|Any CPU.ActiveCfg = Release|Any CPU
		{F6F1C630-7218-469F-BD9C-ABE91C54DE55}.Release|Any CPU.Build.0 = Release|Any CPU
		{534428B5-BBAF-405E-8142-194CF8C6EB99}.Debug|Any CPU.ActiveCfg = Debug|Any CPU
		{534428B5-BBAF-405E-8142-194CF8C6EB99}.Debug|Any CPU.Build.0 = Debug|Any CPU
		{534428B5-BBAF-405E-8142-194CF8C6EB99}.Release|Any CPU.ActiveCfg = Release|Any CPU
		{534428B5-BBAF-405E-8142-194CF8C6EB99}.Release|Any CPU.Build.0 = Release|Any CPU
		{0A019D08-D71C-4FF9-9C70-F52386274E0C}.Debug|Any CPU.ActiveCfg = Debug|Any CPU
		{0A019D08-D71C-4FF9-9C70-F52386274E0C}.Debug|Any CPU.Build.0 = Debug|Any CPU
		{0A019D08-D71C-4FF9-9C70-F52386274E0C}.Release|Any CPU.ActiveCfg = Release|Any CPU
		{0A019D08-D71C-4FF9-9C70-F52386274E0C}.Release|Any CPU.Build.0 = Release|Any CPU
		{E80D6EFC-A131-46F8-95E4-4C0A2F3FA5D3}.Debug|Any CPU.ActiveCfg = Debug|Any CPU
		{E80D6EFC-A131-46F8-95E4-4C0A2F3FA5D3}.Debug|Any CPU.Build.0 = Debug|Any CPU
		{E80D6EFC-A131-46F8-95E4-4C0A2F3FA5D3}.Release|Any CPU.ActiveCfg = Release|Any CPU
		{E80D6EFC-A131-46F8-95E4-4C0A2F3FA5D3}.Release|Any CPU.Build.0 = Release|Any CPU
		{FBF9D522-BA47-419E-85A7-FD003485EC2A}.Debug|Any CPU.ActiveCfg = Debug|Any CPU
		{FBF9D522-BA47-419E-85A7-FD003485EC2A}.Debug|Any CPU.Build.0 = Debug|Any CPU
		{FBF9D522-BA47-419E-85A7-FD003485EC2A}.Release|Any CPU.ActiveCfg = Release|Any CPU
		{FBF9D522-BA47-419E-85A7-FD003485EC2A}.Release|Any CPU.Build.0 = Release|Any CPU
	EndGlobalSection
	GlobalSection(SolutionProperties) = preSolution
		HideSolutionNode = FALSE
	EndGlobalSection
	GlobalSection(NestedProjects) = preSolution
		{4F493031-246B-4A36-BBC0-E79C21D579A1} = {45651DA7-23E6-4EA1-936E-ABEAFA56EF18}
		{F6F1C630-7218-469F-BD9C-ABE91C54DE55} = {45651DA7-23E6-4EA1-936E-ABEAFA56EF18}
		{534428B5-BBAF-405E-8142-194CF8C6EB99} = {FDA0D6EC-5CA1-48E8-A835-F88C4E233AB4}
		{0A019D08-D71C-4FF9-9C70-F52386274E0C} = {C130B91D-B0BB-4F35-9E1C-D821962C79BA}
		{E80D6EFC-A131-46F8-95E4-4C0A2F3FA5D3} = {22724094-77A0-49BC-80EA-59A39F2BDDA0}
		{FBF9D522-BA47-419E-85A7-FD003485EC2A} = {5C763743-5FF2-4DCA-88AF-90AAF8A72EA7}
	EndGlobalSection
	GlobalSection(ExtensibilityGlobals) = postSolution
		SolutionGuid = {A2D1A684-AF3B-4CB5-A0F6-90AD42A045C0}
	EndGlobalSection
EndGlobal
